
Microsoft Visual Studio Solution File, Format Version 12.00
# Visual Studio Version 17
VisualStudioVersion = 17.2.32210.308
MinimumVisualStudioVersion = 10.0.40219.1
Project("{9A19103F-16F7-4668-BE54-9A1E7A4F7556}") = "Snowberry.DependencyInjection", "Snowberry.DependencyInjection\Snowberry.DependencyInjection.csproj", "{DC9E7677-967D-4BAB-9DF1-CDCD658A7A07}"
EndProject
Project("{2150E333-8FDC-42A3-9474-1A3956D46DE8}") = "Tests", "Tests", "{7B85AF7B-0495-408B-8E19-B0A2960A10E6}"
EndProject
Project("{9A19103F-16F7-4668-BE54-9A1E7A4F7556}") = "Snowberry.DependencyInjection.Tests", "Tests\Snowberry.DependencyInjection.Tests\Snowberry.DependencyInjection.Tests.csproj", "{3A3BE7E2-187D-44D7-9D70-FF576B423FAF}"
EndProject
Global
	GlobalSection(SolutionConfigurationPlatforms) = preSolution
		Debug|Any CPU = Debug|Any CPU
		Release|Any CPU = Release|Any CPU
	EndGlobalSection
	GlobalSection(ProjectConfigurationPlatforms) = postSolution
		{DC9E7677-967D-4BAB-9DF1-CDCD658A7A07}.Debug|Any CPU.ActiveCfg = Debug|Any CPU
		{DC9E7677-967D-4BAB-9DF1-CDCD658A7A07}.Debug|Any CPU.Build.0 = Debug|Any CPU
		{DC9E7677-967D-4BAB-9DF1-CDCD658A7A07}.Release|Any CPU.ActiveCfg = Release|Any CPU
		{DC9E7677-967D-4BAB-9DF1-CDCD658A7A07}.Release|Any CPU.Build.0 = Release|Any CPU
		{3A3BE7E2-187D-44D7-9D70-FF576B423FAF}.Debug|Any CPU.ActiveCfg = Debug|Any CPU
		{3A3BE7E2-187D-44D7-9D70-FF576B423FAF}.Debug|Any CPU.Build.0 = Debug|Any CPU
		{3A3BE7E2-187D-44D7-9D70-FF576B423FAF}.Release|Any CPU.ActiveCfg = Release|Any CPU
		{3A3BE7E2-187D-44D7-9D70-FF576B423FAF}.Release|Any CPU.Build.0 = Release|Any CPU
	EndGlobalSection
	GlobalSection(SolutionProperties) = preSolution
		HideSolutionNode = FALSE
	EndGlobalSection
	GlobalSection(NestedProjects) = preSolution
		{3A3BE7E2-187D-44D7-9D70-FF576B423FAF} = {7B85AF7B-0495-408B-8E19-B0A2960A10E6}
	EndGlobalSection
	GlobalSection(ExtensibilityGlobals) = postSolution
		SolutionGuid = {FC3B1CE6-6973-4CDA-AE0D-E6F0977A8CAB}
	EndGlobalSection
EndGlobal
